
Microsoft Visual Studio Solution File, Format Version 12.00
# Visual Studio Version 16
VisualStudioVersion = 16.0.29209.62
MinimumVisualStudioVersion = 10.0.40219.1
Project("{FAE04EC0-301F-11D3-BF4B-00C04F79EFBC}") = "NLPCmd", "NLPCmd\NLPCmd.csproj", "{FF5F6BDE-39EE-453C-AB61-E202AD213C41}"
EndProject
Global
	GlobalSection(SolutionConfigurationPlatforms) = preSolution
		Debug|Any CPU = Debug|Any CPU
		Release|Any CPU = Release|Any CPU
	EndGlobalSection
	GlobalSection(ProjectConfigurationPlatforms) = postSolution
		{FF5F6BDE-39EE-453C-AB61-E202AD213C41}.Debug|Any CPU.ActiveCfg = Debug|Any CPU
		{FF5F6BDE-39EE-453C-AB61-E202AD213C41}.Debug|Any CPU.Build.0 = Debug|Any CPU
		{FF5F6BDE-39EE-453C-AB61-E202AD213C41}.Release|Any CPU.ActiveCfg = Release|Any CPU
		{FF5F6BDE-39EE-453C-AB61-E202AD213C41}.Release|Any CPU.Build.0 = Release|Any CPU
	EndGlobalSection
	GlobalSection(SolutionProperties) = preSolution
		HideSolutionNode = FALSE
	EndGlobalSection
	GlobalSection(ExtensibilityGlobals) = postSolution
		SolutionGuid = {CB87046A-35D8-48E8-8767-2ED277F8F109}
	EndGlobalSection
EndGlobal
